{
  "requires": true,
  "lockfileVersion": 1,
  "dependencies": {
    "coc-lists": {
      "version": "1.3.8",
      "resolved": "https://registry.npm.taobao.org/coc-lists/download/coc-lists-1.3.8.tgz",
      "integrity": "sha1-zivFrhuHrJ8OXBmW8WyNFZmgVAU="
    },
    "coc-python": {
      "version": "1.2.12",
      "resolved": "https://registry.npm.taobao.org/coc-python/download/coc-python-1.2.12.tgz",
      "integrity": "sha1-ZIlW25NoGHbb6J/Rr2NSpfMn284="
    },
    "coc-rust-analyzer": {
      "version": "0.7.13",
      "resolved": "https://registry.npm.taobao.org/coc-rust-analyzer/download/coc-rust-analyzer-0.7.13.tgz",
      "integrity": "sha1-C7zg8Y7AjcyyazUSQJKWkaNm+kU="
    },
    "coc-snippets": {
      "version": "2.1.28",
      "resolved": "https://registry.npm.taobao.org/coc-snippets/download/coc-snippets-2.1.28.tgz",
      "integrity": "sha1-jmD5rLEX0L6cEW+9n3uhMs8hPgg="
    }
  }
}
